
Microsoft Visual Studio Solution File, Format Version 12.00
# Visual Studio Version 17
VisualStudioVersion = 17.9.34714.143
MinimumVisualStudioVersion = 10.0.40219.1
Project("{FAE04EC0-301F-11D3-BF4B-00C04F79EFBC}") = "Reproductor1", "Reproductor1.csproj", "{B081AA58-27CA-46D4-86C9-D9432C0973C1}"
EndProject
Global
	GlobalSection(SolutionConfigurationPlatforms) = preSolution
		Debug|Any CPU = Debug|Any CPU
		Release|Any CPU = Release|Any CPU
	EndGlobalSection
	GlobalSection(ProjectConfigurationPlatforms) = postSolution
		{B081AA58-27CA-46D4-86C9-D9432C0973C1}.Debug|Any CPU.ActiveCfg = Debug|Any CPU
		{B081AA58-27CA-46D4-86C9-D9432C0973C1}.Debug|Any CPU.Build.0 = Debug|Any CPU
		{B081AA58-27CA-46D4-86C9-D9432C0973C1}.Release|Any CPU.ActiveCfg = Release|Any CPU
		{B081AA58-27CA-46D4-86C9-D9432C0973C1}.Release|Any CPU.Build.0 = Release|Any CPU
	EndGlobalSection
	GlobalSection(SolutionProperties) = preSolution
		HideSolutionNode = FALSE
	EndGlobalSection
	GlobalSection(ExtensibilityGlobals) = postSolution
		SolutionGuid = {DDE526AD-4805-41CA-B250-FA4B8AFE7FF9}
	EndGlobalSection
EndGlobal
